// !$*UTF8*$!
{
	archiveVersion = 1;
	classes = {
	};
	objectVersion = 46;
	objects = {

/* Begin PBXBuildFile section */
		8810719FC6CC4ADB9C607D95 /* libPods.a in Frameworks */ = {isa = PBXBuildFile; fileRef = 27B0F5FC528C449B8826586F /* libPods.a */; };
		963E438418E0BDB40073EFB8 /* Profile.m in Sources */ = {isa = PBXBuildFile; fileRef = 963E438318E0BDB40073EFB8 /* Profile.m */; };
		963E438718E2121A0073EFB8 /* RunManager.m in Sources */ = {isa = PBXBuildFile; fileRef = 963E438618E2121A0073EFB8 /* RunManager.m */; };
		963E438A18E216D90073EFB8 /* CurrentWorkoutViewController.m in Sources */ = {isa = PBXBuildFile; fileRef = 963E438918E216D90073EFB8 /* CurrentWorkoutViewController.m */; };
		968BBB3218DBE01700766D59 /* CurrentRunCell.m in Sources */ = {isa = PBXBuildFile; fileRef = 968BBB3118DBE01700766D59 /* CurrentRunCell.m */; };
		968BBB4118DCE5C300766D59 /* FartlekModel.xcdatamodeld in Sources */ = {isa = PBXBuildFile; fileRef = 968BBB3F18DCE5C300766D59 /* FartlekModel.xcdatamodeld */; };
		968BBB4718DCE8B400766D59 /* User.m in Sources */ = {isa = PBXBuildFile; fileRef = 968BBB4618DCE8B400766D59 /* User.m */; };
		968BBB4A18DCE8B400766D59 /* Lap.m in Sources */ = {isa = PBXBuildFile; fileRef = 968BBB4918DCE8B400766D59 /* Lap.m */; };
		968BBB4D18DCE8B400766D59 /* Run.m in Sources */ = {isa = PBXBuildFile; fileRef = 968BBB4C18DCE8B400766D59 /* Run.m */; };
		968BBB5018DCE9E000766D59 /* DataManager.m in Sources */ = {isa = PBXBuildFile; fileRef = 968BBB4F18DCE9E000766D59 /* DataManager.m */; };
		968BBB5318DCEAA600766D59 /* FartlekUser.m in Sources */ = {isa = PBXBuildFile; fileRef = 968BBB5218DCEAA600766D59 /* FartlekUser.m */; };
		968BBB5618DCEBEB00766D59 /* NSObject+Conversions.m in Sources */ = {isa = PBXBuildFile; fileRef = 968BBB5518DCEBEB00766D59 /* NSObject+Conversions.m */; };
		968BBB5918DCEBFF00766D59 /* NSDate+Formatting.m in Sources */ = {isa = PBXBuildFile; fileRef = 968BBB5818DCEBFF00766D59 /* NSDate+Formatting.m */; };
		968BBB5F18DCF08B00766D59 /* User+Database.m in Sources */ = {isa = PBXBuildFile; fileRef = 968BBB5E18DCF08B00766D59 /* User+Database.m */; };
		968BBB6218DCF0A200766D59 /* Profile+Database.m in Sources */ = {isa = PBXBuildFile; fileRef = 968BBB6118DCF0A200766D59 /* Profile+Database.m */; };
		968BBB6518DCF0B100766D59 /* Run+Database.m in Sources */ = {isa = PBXBuildFile; fileRef = 968BBB6418DCF0B100766D59 /* Run+Database.m */; };
		968BBB6818DCF0BE00766D59 /* Lap+Database.m in Sources */ = {isa = PBXBuildFile; fileRef = 968BBB6718DCF0BE00766D59 /* Lap+Database.m */; };
		96A98EA818DA079700E55F1D /* Foundation.framework in Frameworks */ = {isa = PBXBuildFile; fileRef = 96A98EA718DA079700E55F1D /* Foundation.framework */; };
		96A98EAA18DA079700E55F1D /* CoreGraphics.framework in Frameworks */ = {isa = PBXBuildFile; fileRef = 96A98EA918DA079700E55F1D /* CoreGraphics.framework */; };
		96A98EAC18DA079700E55F1D /* UIKit.framework in Frameworks */ = {isa = PBXBuildFile; fileRef = 96A98EAB18DA079700E55F1D /* UIKit.framework */; };
		96A98EB218DA079700E55F1D /* InfoPlist.strings in Resources */ = {isa = PBXBuildFile; fileRef = 96A98EB018DA079700E55F1D /* InfoPlist.strings */; };
		96A98EB418DA079700E55F1D /* main.m in Sources */ = {isa = PBXBuildFile; fileRef = 96A98EB318DA079700E55F1D /* main.m */; };
		96A98EB818DA079700E55F1D /* AppDelegate.m in Sources */ = {isa = PBXBuildFile; fileRef = 96A98EB718DA079700E55F1D /* AppDelegate.m */; };
		96A98EBB18DA079700E55F1D /* Main.storyboard in Resources */ = {isa = PBXBuildFile; fileRef = 96A98EB918DA079700E55F1D /* Main.storyboard */; };
		96A98EBE18DA079700E55F1D /* SetupFartlekViewController.m in Sources */ = {isa = PBXBuildFile; fileRef = 96A98EBD18DA079700E55F1D /* SetupFartlekViewController.m */; };
		96A98EC018DA079700E55F1D /* Images.xcassets in Resources */ = {isa = PBXBuildFile; fileRef = 96A98EBF18DA079700E55F1D /* Images.xcassets */; };
		96A98EC718DA079700E55F1D /* XCTest.framework in Frameworks */ = {isa = PBXBuildFile; fileRef = 96A98EC618DA079700E55F1D /* XCTest.framework */; };
		96A98EC818DA079700E55F1D /* Foundation.framework in Frameworks */ = {isa = PBXBuildFile; fileRef = 96A98EA718DA079700E55F1D /* Foundation.framework */; };
		96A98EC918DA079700E55F1D /* UIKit.framework in Frameworks */ = {isa = PBXBuildFile; fileRef = 96A98EAB18DA079700E55F1D /* UIKit.framework */; };
		96A98ED118DA079700E55F1D /* InfoPlist.strings in Resources */ = {isa = PBXBuildFile; fileRef = 96A98ECF18DA079700E55F1D /* InfoPlist.strings */; };
		96A98ED318DA079700E55F1D /* FartlekTests.m in Sources */ = {isa = PBXBuildFile; fileRef = 96A98ED218DA079700E55F1D /* FartlekTests.m */; };
		96A98EDD18DA07B500E55F1D /* CoreLocation.framework in Frameworks */ = {isa = PBXBuildFile; fileRef = 96A98EDC18DA07B500E55F1D /* CoreLocation.framework */; };
		96A98EDF18DA07BB00E55F1D /* AVFoundation.framework in Frameworks */ = {isa = PBXBuildFile; fileRef = 96A98EDE18DA07BB00E55F1D /* AVFoundation.framework */; };
		96A98EEF18DA17FF00E55F1D /* WorkoutViewController.m in Sources */ = {isa = PBXBuildFile; fileRef = 96A98EEE18DA17FF00E55F1D /* WorkoutViewController.m */; };
		96A98EF218DA1B5200E55F1D /* WorkoutSummaryViewController.m in Sources */ = {isa = PBXBuildFile; fileRef = 96A98EF118DA1B5200E55F1D /* WorkoutSummaryViewController.m */; };
		96A98EF518DA219100E55F1D /* HistoryViewController.m in Sources */ = {isa = PBXBuildFile; fileRef = 96A98EF418DA219100E55F1D /* HistoryViewController.m */; };
/* End PBXBuildFile section */

/* Begin PBXContainerItemProxy section */
		96A98ECA18DA079700E55F1D /* PBXContainerItemProxy */ = {
			isa = PBXContainerItemProxy;
			containerPortal = 96A98E9C18DA079700E55F1D /* Project object */;
			proxyType = 1;
			remoteGlobalIDString = 96A98EA318DA079700E55F1D;
			remoteInfo = Fartlek;
		};
/* End PBXContainerItemProxy section */

/* Begin PBXFileReference section */
		12542F4918664AC5B3573EB0 /* Pods.xcconfig */ = {isa = PBXFileReference; includeInIndex = 1; lastKnownFileType = text.xcconfig; name = Pods.xcconfig; path = Pods/Pods.xcconfig; sourceTree = "<group>"; };
		27B0F5FC528C449B8826586F /* libPods.a */ = {isa = PBXFileReference; explicitFileType = archive.ar; includeInIndex = 0; path = libPods.a; sourceTree = BUILT_PRODUCTS_DIR; };
		963E438218E0BDB40073EFB8 /* Profile.h */ = {isa = PBXFileReference; fileEncoding = 4; lastKnownFileType = sourcecode.c.h; path = Profile.h; sourceTree = "<group>"; };
		963E438318E0BDB40073EFB8 /* Profile.m */ = {isa = PBXFileReference; fileEncoding = 4; lastKnownFileType = sourcecode.c.objc; path = Profile.m; sourceTree = "<group>"; };
		963E438518E2121A0073EFB8 /* RunManager.h */ = {isa = PBXFileReference; fileEncoding = 4; lastKnownFileType = sourcecode.c.h; path = RunManager.h; sourceTree = "<group>"; };
		963E438618E2121A0073EFB8 /* RunManager.m */ = {isa = PBXFileReference; fileEncoding = 4; lastKnownFileType = sourcecode.c.objc; path = RunManager.m; sourceTree = "<group>"; };
		963E438818E216D90073EFB8 /* CurrentWorkoutViewController.h */ = {isa = PBXFileReference; fileEncoding = 4; lastKnownFileType = sourcecode.c.h; path = CurrentWorkoutViewController.h; sourceTree = "<group>"; };
		963E438918E216D90073EFB8 /* CurrentWorkoutViewController.m */ = {isa = PBXFileReference; fileEncoding = 4; lastKnownFileType = sourcecode.c.objc; path = CurrentWorkoutViewController.m; sourceTree = "<group>"; };
		968BBB3018DBE01700766D59 /* CurrentRunCell.h */ = {isa = PBXFileReference; fileEncoding = 4; lastKnownFileType = sourcecode.c.h; path = CurrentRunCell.h; sourceTree = "<group>"; };
		968BBB3118DBE01700766D59 /* CurrentRunCell.m */ = {isa = PBXFileReference; fileEncoding = 4; lastKnownFileType = sourcecode.c.objc; path = CurrentRunCell.m; sourceTree = "<group>"; };
		968BBB4018DCE5C300766D59 /* FartlekModel.xcdatamodel */ = {isa = PBXFileReference; lastKnownFileType = wrapper.xcdatamodel; path = FartlekModel.xcdatamodel; sourceTree = "<group>"; };
		968BBB4518DCE8B400766D59 /* User.h */ = {isa = PBXFileReference; fileEncoding = 4; lastKnownFileType = sourcecode.c.h; path = User.h; sourceTree = "<group>"; };
		968BBB4618DCE8B400766D59 /* User.m */ = {isa = PBXFileReference; fileEncoding = 4; lastKnownFileType = sourcecode.c.objc; path = User.m; sourceTree = "<group>"; };
		968BBB4818DCE8B400766D59 /* Lap.h */ = {isa = PBXFileReference; fileEncoding = 4; lastKnownFileType = sourcecode.c.h; path = Lap.h; sourceTree = "<group>"; };
		968BBB4918DCE8B400766D59 /* Lap.m */ = {isa = PBXFileReference; fileEncoding = 4; lastKnownFileType = sourcecode.c.objc; path = Lap.m; sourceTree = "<group>"; };
		968BBB4B18DCE8B400766D59 /* Run.h */ = {isa = PBXFileReference; fileEncoding = 4; lastKnownFileType = sourcecode.c.h; path = Run.h; sourceTree = "<group>"; };
		968BBB4C18DCE8B400766D59 /* Run.m */ = {isa = PBXFileReference; fileEncoding = 4; lastKnownFileType = sourcecode.c.objc; path = Run.m; sourceTree = "<group>"; };
		968BBB4E18DCE9E000766D59 /* DataManager.h */ = {isa = PBXFileReference; fileEncoding = 4; lastKnownFileType = sourcecode.c.h; path = DataManager.h; sourceTree = "<group>"; };
		968BBB4F18DCE9E000766D59 /* DataManager.m */ = {isa = PBXFileReference; fileEncoding = 4; lastKnownFileType = sourcecode.c.objc; path = DataManager.m; sourceTree = "<group>"; };
		968BBB5118DCEAA600766D59 /* FartlekUser.h */ = {isa = PBXFileReference; fileEncoding = 4; lastKnownFileType = sourcecode.c.h; path = FartlekUser.h; sourceTree = "<group>"; };
		968BBB5218DCEAA600766D59 /* FartlekUser.m */ = {isa = PBXFileReference; fileEncoding = 4; lastKnownFileType = sourcecode.c.objc; path = FartlekUser.m; sourceTree = "<group>"; };
		968BBB5418DCEBEB00766D59 /* NSObject+Conversions.h */ = {isa = PBXFileReference; fileEncoding = 4; lastKnownFileType = sourcecode.c.h; path = "NSObject+Conversions.h"; sourceTree = "<group>"; };
		968BBB5518DCEBEB00766D59 /* NSObject+Conversions.m */ = {isa = PBXFileReference; fileEncoding = 4; lastKnownFileType = sourcecode.c.objc; path = "NSObject+Conversions.m"; sourceTree = "<group>"; };
		968BBB5718DCEBFF00766D59 /* NSDate+Formatting.h */ = {isa = PBXFileReference; fileEncoding = 4; lastKnownFileType = sourcecode.c.h; path = "NSDate+Formatting.h"; sourceTree = "<group>"; };
		968BBB5818DCEBFF00766D59 /* NSDate+Formatting.m */ = {isa = PBXFileReference; fileEncoding = 4; lastKnownFileType = sourcecode.c.objc; path = "NSDate+Formatting.m"; sourceTree = "<group>"; };
		968BBB5D18DCF08B00766D59 /* User+Database.h */ = {isa = PBXFileReference; fileEncoding = 4; lastKnownFileType = sourcecode.c.h; path = "User+Database.h"; sourceTree = "<group>"; };
		968BBB5E18DCF08B00766D59 /* User+Database.m */ = {isa = PBXFileReference; fileEncoding = 4; lastKnownFileType = sourcecode.c.objc; path = "User+Database.m"; sourceTree = "<group>"; };
		968BBB6018DCF0A200766D59 /* Profile+Database.h */ = {isa = PBXFileReference; fileEncoding = 4; lastKnownFileType = sourcecode.c.h; path = "Profile+Database.h"; sourceTree = "<group>"; };
		968BBB6118DCF0A200766D59 /* Profile+Database.m */ = {isa = PBXFileReference; fileEncoding = 4; lastKnownFileType = sourcecode.c.objc; path = "Profile+Database.m"; sourceTree = "<group>"; };
		968BBB6318DCF0B100766D59 /* Run+Database.h */ = {isa = PBXFileReference; fileEncoding = 4; lastKnownFileType = sourcecode.c.h; path = "Run+Database.h"; sourceTree = "<group>"; };
		968BBB6418DCF0B100766D59 /* Run+Database.m */ = {isa = PBXFileReference; fileEncoding = 4; lastKnownFileType = sourcecode.c.objc; path = "Run+Database.m"; sourceTree = "<group>"; };
		968BBB6618DCF0BE00766D59 /* Lap+Database.h */ = {isa = PBXFileReference; fileEncoding = 4; lastKnownFileType = sourcecode.c.h; path = "Lap+Database.h"; sourceTree = "<group>"; };
		968BBB6718DCF0BE00766D59 /* Lap+Database.m */ = {isa = PBXFileReference; fileEncoding = 4; lastKnownFileType = sourcecode.c.objc; path = "Lap+Database.m"; sourceTree = "<group>"; };
		96A98EA418DA079700E55F1D /* Fartlek.app */ = {isa = PBXFileReference; explicitFileType = wrapper.application; includeInIndex = 0; path = Fartlek.app; sourceTree = BUILT_PRODUCTS_DIR; };
		96A98EA718DA079700E55F1D /* Foundation.framework */ = {isa = PBXFileReference; lastKnownFileType = wrapper.framework; name = Foundation.framework; path = System/Library/Frameworks/Foundation.framework; sourceTree = SDKROOT; };
		96A98EA918DA079700E55F1D /* CoreGraphics.framework */ = {isa = PBXFileReference; lastKnownFileType = wrapper.framework; name = CoreGraphics.framework; path = System/Library/Frameworks/CoreGraphics.framework; sourceTree = SDKROOT; };
		96A98EAB18DA079700E55F1D /* UIKit.framework */ = {isa = PBXFileReference; lastKnownFileType = wrapper.framework; name = UIKit.framework; path = System/Library/Frameworks/UIKit.framework; sourceTree = SDKROOT; };
		96A98EAF18DA079700E55F1D /* Fartlek-Info.plist */ = {isa = PBXFileReference; lastKnownFileType = text.plist.xml; path = "Fartlek-Info.plist"; sourceTree = "<group>"; };
		96A98EB118DA079700E55F1D /* en */ = {isa = PBXFileReference; lastKnownFileType = text.plist.strings; name = en; path = en.lproj/InfoPlist.strings; sourceTree = "<group>"; };
		96A98EB318DA079700E55F1D /* main.m */ = {isa = PBXFileReference; lastKnownFileType = sourcecode.c.objc; path = main.m; sourceTree = "<group>"; };
		96A98EB518DA079700E55F1D /* Fartlek-Prefix.pch */ = {isa = PBXFileReference; lastKnownFileType = sourcecode.c.h; path = "Fartlek-Prefix.pch"; sourceTree = "<group>"; };
		96A98EB618DA079700E55F1D /* AppDelegate.h */ = {isa = PBXFileReference; lastKnownFileType = sourcecode.c.h; path = AppDelegate.h; sourceTree = "<group>"; };
		96A98EB718DA079700E55F1D /* AppDelegate.m */ = {isa = PBXFileReference; lastKnownFileType = sourcecode.c.objc; path = AppDelegate.m; sourceTree = "<group>"; };
		96A98EBA18DA079700E55F1D /* Base */ = {isa = PBXFileReference; lastKnownFileType = file.storyboard; name = Base; path = Base.lproj/Main.storyboard; sourceTree = "<group>"; };
		96A98EBC18DA079700E55F1D /* SetupFartlekViewController.h */ = {isa = PBXFileReference; lastKnownFileType = sourcecode.c.h; path = SetupFartlekViewController.h; sourceTree = "<group>"; };
		96A98EBD18DA079700E55F1D /* SetupFartlekViewController.m */ = {isa = PBXFileReference; lastKnownFileType = sourcecode.c.objc; path = SetupFartlekViewController.m; sourceTree = "<group>"; };
		96A98EBF18DA079700E55F1D /* Images.xcassets */ = {isa = PBXFileReference; lastKnownFileType = folder.assetcatalog; path = Images.xcassets; sourceTree = "<group>"; };
		96A98EC518DA079700E55F1D /* FartlekTests.xctest */ = {isa = PBXFileReference; explicitFileType = wrapper.cfbundle; includeInIndex = 0; path = FartlekTests.xctest; sourceTree = BUILT_PRODUCTS_DIR; };
		96A98EC618DA079700E55F1D /* XCTest.framework */ = {isa = PBXFileReference; lastKnownFileType = wrapper.framework; name = XCTest.framework; path = Library/Frameworks/XCTest.framework; sourceTree = DEVELOPER_DIR; };
		96A98ECE18DA079700E55F1D /* FartlekTests-Info.plist */ = {isa = PBXFileReference; lastKnownFileType = text.plist.xml; path = "FartlekTests-Info.plist"; sourceTree = "<group>"; };
		96A98ED018DA079700E55F1D /* en */ = {isa = PBXFileReference; lastKnownFileType = text.plist.strings; name = en; path = en.lproj/InfoPlist.strings; sourceTree = "<group>"; };
		96A98ED218DA079700E55F1D /* FartlekTests.m */ = {isa = PBXFileReference; lastKnownFileType = sourcecode.c.objc; path = FartlekTests.m; sourceTree = "<group>"; };
		96A98EDC18DA07B500E55F1D /* CoreLocation.framework */ = {isa = PBXFileReference; lastKnownFileType = wrapper.framework; name = CoreLocation.framework; path = System/Library/Frameworks/CoreLocation.framework; sourceTree = SDKROOT; };
		96A98EDE18DA07BB00E55F1D /* AVFoundation.framework */ = {isa = PBXFileReference; lastKnownFileType = wrapper.framework; name = AVFoundation.framework; path = System/Library/Frameworks/AVFoundation.framework; sourceTree = SDKROOT; };
		96A98EED18DA17FF00E55F1D /* WorkoutViewController.h */ = {isa = PBXFileReference; fileEncoding = 4; lastKnownFileType = sourcecode.c.h; path = WorkoutViewController.h; sourceTree = "<group>"; };
		96A98EEE18DA17FF00E55F1D /* WorkoutViewController.m */ = {isa = PBXFileReference; fileEncoding = 4; lastKnownFileType = sourcecode.c.objc; path = WorkoutViewController.m; sourceTree = "<group>"; };
		96A98EF018DA1B5200E55F1D /* WorkoutSummaryViewController.h */ = {isa = PBXFileReference; fileEncoding = 4; lastKnownFileType = sourcecode.c.h; path = WorkoutSummaryViewController.h; sourceTree = "<group>"; };
		96A98EF118DA1B5200E55F1D /* WorkoutSummaryViewController.m */ = {isa = PBXFileReference; fileEncoding = 4; lastKnownFileType = sourcecode.c.objc; path = WorkoutSummaryViewController.m; sourceTree = "<group>"; };
		96A98EF318DA219100E55F1D /* HistoryViewController.h */ = {isa = PBXFileReference; fileEncoding = 4; lastKnownFileType = sourcecode.c.h; path = HistoryViewController.h; sourceTree = "<group>"; };
		96A98EF418DA219100E55F1D /* HistoryViewController.m */ = {isa = PBXFileReference; fileEncoding = 4; lastKnownFileType = sourcecode.c.objc; path = HistoryViewController.m; sourceTree = "<group>"; };
/* End PBXFileReference section */

/* Begin PBXFrameworksBuildPhase section */
		96A98EA118DA079700E55F1D /* Frameworks */ = {
			isa = PBXFrameworksBuildPhase;
			buildActionMask = 2147483647;
			files = (
				96A98EDF18DA07BB00E55F1D /* AVFoundation.framework in Frameworks */,
				96A98EDD18DA07B500E55F1D /* CoreLocation.framework in Frameworks */,
				96A98EAA18DA079700E55F1D /* CoreGraphics.framework in Frameworks */,
				96A98EAC18DA079700E55F1D /* UIKit.framework in Frameworks */,
				96A98EA818DA079700E55F1D /* Foundation.framework in Frameworks */,
				8810719FC6CC4ADB9C607D95 /* libPods.a in Frameworks */,
			);
			runOnlyForDeploymentPostprocessing = 0;
		};
		96A98EC218DA079700E55F1D /* Frameworks */ = {
			isa = PBXFrameworksBuildPhase;
			buildActionMask = 2147483647;
			files = (
				96A98EC718DA079700E55F1D /* XCTest.framework in Frameworks */,
				96A98EC918DA079700E55F1D /* UIKit.framework in Frameworks */,
				96A98EC818DA079700E55F1D /* Foundation.framework in Frameworks */,
			);
			runOnlyForDeploymentPostprocessing = 0;
		};
/* End PBXFrameworksBuildPhase section */

/* Begin PBXGroup section */
		968BBB3418DCD9B600766D59 /* external */ = {
			isa = PBXGroup;
			children = (
			);
			name = external;
			sourceTree = "<group>";
		};
		96A98E9B18DA079700E55F1D = {
			isa = PBXGroup;
			children = (
				96A98EAD18DA079700E55F1D /* Fartlek */,
				96A98ECC18DA079700E55F1D /* FartlekTests */,
				96A98EA618DA079700E55F1D /* Frameworks */,
				96A98EA518DA079700E55F1D /* Products */,
				12542F4918664AC5B3573EB0 /* Pods.xcconfig */,
			);
			sourceTree = "<group>";
		};
		96A98EA518DA079700E55F1D /* Products */ = {
			isa = PBXGroup;
			children = (
				96A98EA418DA079700E55F1D /* Fartlek.app */,
				96A98EC518DA079700E55F1D /* FartlekTests.xctest */,
			);
			name = Products;
			sourceTree = "<group>";
		};
		96A98EA618DA079700E55F1D /* Frameworks */ = {
			isa = PBXGroup;
			children = (
				96A98EDE18DA07BB00E55F1D /* AVFoundation.framework */,
				96A98EDC18DA07B500E55F1D /* CoreLocation.framework */,
				96A98EA718DA079700E55F1D /* Foundation.framework */,
				96A98EA918DA079700E55F1D /* CoreGraphics.framework */,
				96A98EAB18DA079700E55F1D /* UIKit.framework */,
				96A98EC618DA079700E55F1D /* XCTest.framework */,
				27B0F5FC528C449B8826586F /* libPods.a */,
			);
			name = Frameworks;
			sourceTree = "<group>";
		};
		96A98EAD18DA079700E55F1D /* Fartlek */ = {
			isa = PBXGroup;
			children = (
				968BBB3418DCD9B600766D59 /* external */,
				96A98EE418DA08A600E55F1D /* helpers */,
				96A98EE218DA080200E55F1D /* controllers */,
				96A98EE118DA07C800E55F1D /* models */,
				96A98EE018DA07C300E55F1D /* views */,
				96A98EAE18DA079700E55F1D /* Supporting Files */,
			);
			path = Fartlek;
			sourceTree = "<group>";
		};
		96A98EAE18DA079700E55F1D /* Supporting Files */ = {
			isa = PBXGroup;
			children = (
				96A98EBF18DA079700E55F1D /* Images.xcassets */,
				96A98EAF18DA079700E55F1D /* Fartlek-Info.plist */,
				96A98EB018DA079700E55F1D /* InfoPlist.strings */,
				96A98EB318DA079700E55F1D /* main.m */,
				96A98EB518DA079700E55F1D /* Fartlek-Prefix.pch */,
			);
			name = "Supporting Files";
			sourceTree = "<group>";
		};
		96A98ECC18DA079700E55F1D /* FartlekTests */ = {
			isa = PBXGroup;
			children = (
				96A98ED218DA079700E55F1D /* FartlekTests.m */,
				96A98ECD18DA079700E55F1D /* Supporting Files */,
			);
			path = FartlekTests;
			sourceTree = "<group>";
		};
		96A98ECD18DA079700E55F1D /* Supporting Files */ = {
			isa = PBXGroup;
			children = (
				96A98ECE18DA079700E55F1D /* FartlekTests-Info.plist */,
				96A98ECF18DA079700E55F1D /* InfoPlist.strings */,
			);
			name = "Supporting Files";
			sourceTree = "<group>";
		};
		96A98EE018DA07C300E55F1D /* views */ = {
			isa = PBXGroup;
			children = (
				968BBB3018DBE01700766D59 /* CurrentRunCell.h */,
				968BBB3118DBE01700766D59 /* CurrentRunCell.m */,
				96A98EB918DA079700E55F1D /* Main.storyboard */,
			);
			name = views;
			sourceTree = "<group>";
		};
		96A98EE118DA07C800E55F1D /* models */ = {
			isa = PBXGroup;
			children = (
				963E438218E0BDB40073EFB8 /* Profile.h */,
				963E438318E0BDB40073EFB8 /* Profile.m */,
				968BBB5D18DCF08B00766D59 /* User+Database.h */,
				968BBB5E18DCF08B00766D59 /* User+Database.m */,
				968BBB6018DCF0A200766D59 /* Profile+Database.h */,
				968BBB6118DCF0A200766D59 /* Profile+Database.m */,
				968BBB6318DCF0B100766D59 /* Run+Database.h */,
				968BBB6418DCF0B100766D59 /* Run+Database.m */,
				968BBB6618DCF0BE00766D59 /* Lap+Database.h */,
				968BBB6718DCF0BE00766D59 /* Lap+Database.m */,
				968BBB5118DCEAA600766D59 /* FartlekUser.h */,
				968BBB5218DCEAA600766D59 /* FartlekUser.m */,
				968BBB3F18DCE5C300766D59 /* FartlekModel.xcdatamodeld */,
				968BBB4B18DCE8B400766D59 /* Run.h */,
				968BBB4C18DCE8B400766D59 /* Run.m */,
				968BBB4818DCE8B400766D59 /* Lap.h */,
				968BBB4918DCE8B400766D59 /* Lap.m */,
				968BBB4518DCE8B400766D59 /* User.h */,
				968BBB4618DCE8B400766D59 /* User.m */,
			);
			name = models;
			sourceTree = "<group>";
		};
		96A98EE218DA080200E55F1D /* controllers */ = {
			isa = PBXGroup;
			children = (
				963E438818E216D90073EFB8 /* CurrentWorkoutViewController.h */,
				963E438918E216D90073EFB8 /* CurrentWorkoutViewController.m */,
				96A98EBC18DA079700E55F1D /* SetupFartlekViewController.h */,
				96A98EBD18DA079700E55F1D /* SetupFartlekViewController.m */,
				96A98EED18DA17FF00E55F1D /* WorkoutViewController.h */,
				96A98EEE18DA17FF00E55F1D /* WorkoutViewController.m */,
				96A98EF018DA1B5200E55F1D /* WorkoutSummaryViewController.h */,
				96A98EF118DA1B5200E55F1D /* WorkoutSummaryViewController.m */,
				96A98EF318DA219100E55F1D /* HistoryViewController.h */,
				96A98EF418DA219100E55F1D /* HistoryViewController.m */,
			);
			name = controllers;
			sourceTree = "<group>";
		};
		96A98EE418DA08A600E55F1D /* helpers */ = {
			isa = PBXGroup;
			children = (
				963E438518E2121A0073EFB8 /* RunManager.h */,
				963E438618E2121A0073EFB8 /* RunManager.m */,
				968BBB5718DCEBFF00766D59 /* NSDate+Formatting.h */,
				968BBB5818DCEBFF00766D59 /* NSDate+Formatting.m */,
				968BBB5418DCEBEB00766D59 /* NSObject+Conversions.h */,
				968BBB5518DCEBEB00766D59 /* NSObject+Conversions.m */,
				968BBB4E18DCE9E000766D59 /* DataManager.h */,
				968BBB4F18DCE9E000766D59 /* DataManager.m */,
				96A98EB618DA079700E55F1D /* AppDelegate.h */,
				96A98EB718DA079700E55F1D /* AppDelegate.m */,
			);
			name = helpers;
			sourceTree = "<group>";
		};
/* End PBXGroup section */

/* Begin PBXNativeTarget section */
		96A98EA318DA079700E55F1D /* Fartlek */ = {
			isa = PBXNativeTarget;
			buildConfigurationList = 96A98ED618DA079700E55F1D /* Build configuration list for PBXNativeTarget "Fartlek" */;
			buildPhases = (
				DD8BBEF347BE43259888C7C8 /* Check Pods Manifest.lock */,
				96A98EA018DA079700E55F1D /* Sources */,
				96A98EA118DA079700E55F1D /* Frameworks */,
				96A98EA218DA079700E55F1D /* Resources */,
				63FAD522EAA24E51BE5E6A3A /* Copy Pods Resources */,
			);
			buildRules = (
			);
			dependencies = (
			);
			name = Fartlek;
			productName = Fartlek;
			productReference = 96A98EA418DA079700E55F1D /* Fartlek.app */;
			productType = "com.apple.product-type.application";
		};
		96A98EC418DA079700E55F1D /* FartlekTests */ = {
			isa = PBXNativeTarget;
			buildConfigurationList = 96A98ED918DA079700E55F1D /* Build configuration list for PBXNativeTarget "FartlekTests" */;
			buildPhases = (
				96A98EC118DA079700E55F1D /* Sources */,
				96A98EC218DA079700E55F1D /* Frameworks */,
				96A98EC318DA079700E55F1D /* Resources */,
			);
			buildRules = (
			);
			dependencies = (
				96A98ECB18DA079700E55F1D /* PBXTargetDependency */,
			);
			name = FartlekTests;
			productName = FartlekTests;
			productReference = 96A98EC518DA079700E55F1D /* FartlekTests.xctest */;
			productType = "com.apple.product-type.bundle.unit-test";
		};
/* End PBXNativeTarget section */

/* Begin PBXProject section */
		96A98E9C18DA079700E55F1D /* Project object */ = {
			isa = PBXProject;
			attributes = {
				LastUpgradeCheck = 0510;
				ORGANIZATIONNAME = "PopUp Inc.";
				TargetAttributes = {
					96A98EA318DA079700E55F1D = {
						DevelopmentTeam = V6XSFQJX4G;
						SystemCapabilities = {
							com.apple.BackgroundModes = {
								enabled = 1;
							};
						};
					};
					96A98EC418DA079700E55F1D = {
						TestTargetID = 96A98EA318DA079700E55F1D;
					};
				};
			};
			buildConfigurationList = 96A98E9F18DA079700E55F1D /* Build configuration list for PBXProject "Fartlek" */;
			compatibilityVersion = "Xcode 3.2";
			developmentRegion = English;
			hasScannedForEncodings = 0;
			knownRegions = (
				en,
				Base,
			);
			mainGroup = 96A98E9B18DA079700E55F1D;
			productRefGroup = 96A98EA518DA079700E55F1D /* Products */;
			projectDirPath = "";
			projectRoot = "";
			targets = (
				96A98EA318DA079700E55F1D /* Fartlek */,
				96A98EC418DA079700E55F1D /* FartlekTests */,
			);
		};
/* End PBXProject section */

/* Begin PBXResourcesBuildPhase section */
		96A98EA218DA079700E55F1D /* Resources */ = {
			isa = PBXResourcesBuildPhase;
			buildActionMask = 2147483647;
			files = (
				96A98EC018DA079700E55F1D /* Images.xcassets in Resources */,
				96A98EB218DA079700E55F1D /* InfoPlist.strings in Resources */,
				96A98EBB18DA079700E55F1D /* Main.storyboard in Resources */,
			);
			runOnlyForDeploymentPostprocessing = 0;
		};
		96A98EC318DA079700E55F1D /* Resources */ = {
			isa = PBXResourcesBuildPhase;
			buildActionMask = 2147483647;
			files = (
				96A98ED118DA079700E55F1D /* InfoPlist.strings in Resources */,
			);
			runOnlyForDeploymentPostprocessing = 0;
		};
/* End PBXResourcesBuildPhase section */

/* Begin PBXShellScriptBuildPhase section */
		63FAD522EAA24E51BE5E6A3A /* Copy Pods Resources */ = {
			isa = PBXShellScriptBuildPhase;
			buildActionMask = 2147483647;
			files = (
			);
			inputPaths = (
			);
			name = "Copy Pods Resources";
			outputPaths = (
			);
			runOnlyForDeploymentPostprocessing = 0;
			shellPath = /bin/sh;
			shellScript = "\"${SRCROOT}/Pods/Pods-resources.sh\"\n";
			showEnvVarsInLog = 0;
		};
		DD8BBEF347BE43259888C7C8 /* Check Pods Manifest.lock */ = {
			isa = PBXShellScriptBuildPhase;
			buildActionMask = 2147483647;
			files = (
			);
			inputPaths = (
			);
			name = "Check Pods Manifest.lock";
			outputPaths = (
			);
			runOnlyForDeploymentPostprocessing = 0;
			shellPath = /bin/sh;
			shellScript = "diff \"${PODS_ROOT}/../Podfile.lock\" \"${PODS_ROOT}/Manifest.lock\" > /dev/null\nif [[ $? != 0 ]] ; then\n    cat << EOM\nerror: The sandbox is not in sync with the Podfile.lock. Run 'pod install' or update your CocoaPods installation.\nEOM\n    exit 1\nfi\n";
			showEnvVarsInLog = 0;
		};
/* End PBXShellScriptBuildPhase section */

/* Begin PBXSourcesBuildPhase section */
		96A98EA018DA079700E55F1D /* Sources */ = {
			isa = PBXSourcesBuildPhase;
			buildActionMask = 2147483647;
			files = (
				968BBB5318DCEAA600766D59 /* FartlekUser.m in Sources */,
				968BBB5018DCE9E000766D59 /* DataManager.m in Sources */,
				968BBB4A18DCE8B400766D59 /* Lap.m in Sources */,
				968BBB4118DCE5C300766D59 /* FartlekModel.xcdatamodeld in Sources */,
				96A98EEF18DA17FF00E55F1D /* WorkoutViewController.m in Sources */,
				96A98EF218DA1B5200E55F1D /* WorkoutSummaryViewController.m in Sources */,
				96A98EBE18DA079700E55F1D /* SetupFartlekViewController.m in Sources */,
				968BBB5F18DCF08B00766D59 /* User+Database.m in Sources */,
				968BBB6218DCF0A200766D59 /* Profile+Database.m in Sources */,
				968BBB5918DCEBFF00766D59 /* NSDate+Formatting.m in Sources */,
				963E438418E0BDB40073EFB8 /* Profile.m in Sources */,
				96A98EB818DA079700E55F1D /* AppDelegate.m in Sources */,
				963E438A18E216D90073EFB8 /* CurrentWorkoutViewController.m in Sources */,
				963E438718E2121A0073EFB8 /* RunManager.m in Sources */,
				968BBB4D18DCE8B400766D59 /* Run.m in Sources */,
				968BBB6518DCF0B100766D59 /* Run+Database.m in Sources */,
				968BBB4718DCE8B400766D59 /* User.m in Sources */,
				968BBB5618DCEBEB00766D59 /* NSObject+Conversions.m in Sources */,
				968BBB3218DBE01700766D59 /* CurrentRunCell.m in Sources */,
				96A98EB418DA079700E55F1D /* main.m in Sources */,
				968BBB6818DCF0BE00766D59 /* Lap+Database.m in Sources */,
				96A98EF518DA219100E55F1D /* HistoryViewController.m in Sources */,
			);
			runOnlyForDeploymentPostprocessing = 0;
		};
		96A98EC118DA079700E55F1D /* Sources */ = {
			isa = PBXSourcesBuildPhase;
			buildActionMask = 2147483647;
			files = (
				96A98ED318DA079700E55F1D /* FartlekTests.m in Sources */,
			);
			runOnlyForDeploymentPostprocessing = 0;
		};
/* End PBXSourcesBuildPhase section */

/* Begin PBXTargetDependency section */
		96A98ECB18DA079700E55F1D /* PBXTargetDependency */ = {
			isa = PBXTargetDependency;
			target = 96A98EA318DA079700E55F1D /* Fartlek */;
			targetProxy = 96A98ECA18DA079700E55F1D /* PBXContainerItemProxy */;
		};
/* End PBXTargetDependency section */

/* Begin PBXVariantGroup section */
		96A98EB018DA079700E55F1D /* InfoPlist.strings */ = {
			isa = PBXVariantGroup;
			children = (
				96A98EB118DA079700E55F1D /* en */,
			);
			name = InfoPlist.strings;
			sourceTree = "<group>";
		};
		96A98EB918DA079700E55F1D /* Main.storyboard */ = {
			isa = PBXVariantGroup;
			children = (
				96A98EBA18DA079700E55F1D /* Base */,
			);
			name = Main.storyboard;
			sourceTree = "<group>";
		};
		96A98ECF18DA079700E55F1D /* InfoPlist.strings */ = {
			isa = PBXVariantGroup;
			children = (
				96A98ED018DA079700E55F1D /* en */,
			);
			name = InfoPlist.strings;
			sourceTree = "<group>";
		};
/* End PBXVariantGroup section */

/* Begin XCBuildConfiguration section */
		96A98ED418DA079700E55F1D /* Debug */ = {
			isa = XCBuildConfiguration;
			buildSettings = {
				ALWAYS_SEARCH_USER_PATHS = NO;
				CLANG_CXX_LANGUAGE_STANDARD = "gnu++0x";
				CLANG_CXX_LIBRARY = "libc++";
				CLANG_ENABLE_MODULES = YES;
				CLANG_ENABLE_OBJC_ARC = YES;
				CLANG_WARN_BOOL_CONVERSION = YES;
				CLANG_WARN_CONSTANT_CONVERSION = YES;
				CLANG_WARN_DIRECT_OBJC_ISA_USAGE = YES_ERROR;
				CLANG_WARN_EMPTY_BODY = YES;
				CLANG_WARN_ENUM_CONVERSION = YES;
				CLANG_WARN_INT_CONVERSION = YES;
				CLANG_WARN_OBJC_ROOT_CLASS = YES_ERROR;
				CLANG_WARN__DUPLICATE_METHOD_MATCH = YES;
				"CODE_SIGN_IDENTITY[sdk=iphoneos*]" = "iPhone Developer";
				COPY_PHASE_STRIP = NO;
				GCC_C_LANGUAGE_STANDARD = gnu99;
				GCC_DYNAMIC_NO_PIC = NO;
				GCC_OPTIMIZATION_LEVEL = 0;
				GCC_PREPROCESSOR_DEFINITIONS = (
					"DEBUG=1",
					"$(inherited)",
				);
				GCC_SYMBOLS_PRIVATE_EXTERN = NO;
				GCC_WARN_64_TO_32_BIT_CONVERSION = YES;
				GCC_WARN_ABOUT_RETURN_TYPE = YES_ERROR;
				GCC_WARN_UNDECLARED_SELECTOR = YES;
				GCC_WARN_UNINITIALIZED_AUTOS = YES_AGGRESSIVE;
				GCC_WARN_UNUSED_FUNCTION = YES;
				GCC_WARN_UNUSED_VARIABLE = YES;
				IPHONEOS_DEPLOYMENT_TARGET = 7.1;
				ONLY_ACTIVE_ARCH = YES;
				SDKROOT = iphoneos;
			};
			name = Debug;
		};
		96A98ED518DA079700E55F1D /* Release */ = {
			isa = XCBuildConfiguration;
			buildSettings = {
				ALWAYS_SEARCH_USER_PATHS = NO;
				CLANG_CXX_LANGUAGE_STANDARD = "gnu++0x";
				CLANG_CXX_LIBRARY = "libc++";
				CLANG_ENABLE_MODULES = YES;
				CLANG_ENABLE_OBJC_ARC = YES;
				CLANG_WARN_BOOL_CONVERSION = YES;
				CLANG_WARN_CONSTANT_CONVERSION = YES;
				CLANG_WARN_DIRECT_OBJC_ISA_USAGE = YES_ERROR;
				CLANG_WARN_EMPTY_BODY = YES;
				CLANG_WARN_ENUM_CONVERSION = YES;
				CLANG_WARN_INT_CONVERSION = YES;
				CLANG_WARN_OBJC_ROOT_CLASS = YES_ERROR;
				CLANG_WARN__DUPLICATE_METHOD_MATCH = YES;
				"CODE_SIGN_IDENTITY[sdk=iphoneos*]" = "iPhone Developer";
				COPY_PHASE_STRIP = YES;
				ENABLE_NS_ASSERTIONS = NO;
				GCC_C_LANGUAGE_STANDARD = gnu99;
				GCC_WARN_64_TO_32_BIT_CONVERSION = YES;
				GCC_WARN_ABOUT_RETURN_TYPE = YES_ERROR;
				GCC_WARN_UNDECLARED_SELECTOR = YES;
				GCC_WARN_UNINITIALIZED_AUTOS = YES_AGGRESSIVE;
				GCC_WARN_UNUSED_FUNCTION = YES;
				GCC_WARN_UNUSED_VARIABLE = YES;
				IPHONEOS_DEPLOYMENT_TARGET = 7.1;
				SDKROOT = iphoneos;
				VALIDATE_PRODUCT = YES;
			};
			name = Release;
		};
		96A98ED718DA079700E55F1D /* Debug */ = {
			isa = XCBuildConfiguration;
			baseConfigurationReference = 12542F4918664AC5B3573EB0 /* Pods.xcconfig */;
			buildSettings = {
				ASSETCATALOG_COMPILER_APPICON_NAME = AppIcon;
				ASSETCATALOG_COMPILER_LAUNCHIMAGE_NAME = LaunchImage;
				CODE_SIGN_IDENTITY = "iPhone Developer";
				GCC_PRECOMPILE_PREFIX_HEADER = YES;
				GCC_PREFIX_HEADER = "Fartlek/Fartlek-Prefix.pch";
				INFOPLIST_FILE = "Fartlek/Fartlek-Info.plist";
				IPHONEOS_DEPLOYMENT_TARGET = 7.0;
				LIBRARY_SEARCH_PATHS = (
					"$(inherited)",
					"$(PROJECT_DIR)/Fartlek",
				);
				PRODUCT_NAME = "$(TARGET_NAME)";
				WRAPPER_EXTENSION = app;
			};
			name = Debug;
		};
		96A98ED818DA079700E55F1D /* Release */ = {
			isa = XCBuildConfiguration;
			baseConfigurationReference = 12542F4918664AC5B3573EB0 /* Pods.xcconfig */;
			buildSettings = {
				ASSETCATALOG_COMPILER_APPICON_NAME = AppIcon;
				ASSETCATALOG_COMPILER_LAUNCHIMAGE_NAME = LaunchImage;
				CODE_SIGN_IDENTITY = "iPhone Developer";
				GCC_PRECOMPILE_PREFIX_HEADER = YES;
				GCC_PREFIX_HEADER = "Fartlek/Fartlek-Prefix.pch";
				INFOPLIST_FILE = "Fartlek/Fartlek-Info.plist";
				IPHONEOS_DEPLOYMENT_TARGET = 7.0;
				LIBRARY_SEARCH_PATHS = (
					"$(inherited)",
					"$(PROJECT_DIR)/Fartlek",
				);
				PRODUCT_NAME = "$(TARGET_NAME)";
				WRAPPER_EXTENSION = app;
			};
			name = Release;
		};
		96A98EDA18DA079700E55F1D /* Debug */ = {
			isa = XCBuildConfiguration;
			buildSettings = {
				BUNDLE_LOADER = "$(BUILT_PRODUCTS_DIR)/Fartlek.app/Fartlek";
				FRAMEWORK_SEARCH_PATHS = (
					"$(SDKROOT)/Developer/Library/Frameworks",
					"$(inherited)",
					"$(DEVELOPER_FRAMEWORKS_DIR)",
				);
				GCC_PRECOMPILE_PREFIX_HEADER = YES;
				GCC_PREFIX_HEADER = "Fartlek/Fartlek-Prefix.pch";
				GCC_PREPROCESSOR_DEFINITIONS = (
					"DEBUG=1",
					"$(inherited)",
				);
				INFOPLIST_FILE = "FartlekTests/FartlekTests-Info.plist";
				PRODUCT_NAME = "$(TARGET_NAME)";
				TEST_HOST = "$(BUNDLE_LOADER)";
				WRAPPER_EXTENSION = xctest;
			};
			name = Debug;
		};
		96A98EDB18DA079700E55F1D /* Release */ = {
			isa = XCBuildConfiguration;
			buildSettings = {
				BUNDLE_LOADER = "$(BUILT_PRODUCTS_DIR)/Fartlek.app/Fartlek";
				FRAMEWORK_SEARCH_PATHS = (
					"$(SDKROOT)/Developer/Library/Frameworks",
					"$(inherited)",
					"$(DEVELOPER_FRAMEWORKS_DIR)",
				);
				GCC_PRECOMPILE_PREFIX_HEADER = YES;
				GCC_PREFIX_HEADER = "Fartlek/Fartlek-Prefix.pch";
				INFOPLIST_FILE = "FartlekTests/FartlekTests-Info.plist";
				PRODUCT_NAME = "$(TARGET_NAME)";
				TEST_HOST = "$(BUNDLE_LOADER)";
				WRAPPER_EXTENSION = xctest;
			};
			name = Release;
		};
/* End XCBuildConfiguration section */

/* Begin XCConfigurationList section */
		96A98E9F18DA079700E55F1D /* Build configuration list for PBXProject "Fartlek" */ = {
			isa = XCConfigurationList;
			buildConfigurations = (
				96A98ED418DA079700E55F1D /* Debug */,
				96A98ED518DA079700E55F1D /* Release */,
			);
			defaultConfigurationIsVisible = 0;
			defaultConfigurationName = Release;
		};
		96A98ED618DA079700E55F1D /* Build configuration list for PBXNativeTarget "Fartlek" */ = {
			isa = XCConfigurationList;
			buildConfigurations = (
				96A98ED718DA079700E55F1D /* Debug */,
				96A98ED818DA079700E55F1D /* Release */,
			);
			defaultConfigurationIsVisible = 0;
			defaultConfigurationName = Release;
		};
		96A98ED918DA079700E55F1D /* Build configuration list for PBXNativeTarget "FartlekTests" */ = {
			isa = XCConfigurationList;
			buildConfigurations = (
				96A98EDA18DA079700E55F1D /* Debug */,
				96A98EDB18DA079700E55F1D /* Release */,
			);
			defaultConfigurationIsVisible = 0;
			defaultConfigurationName = Release;
		};
/* End XCConfigurationList section */

/* Begin XCVersionGroup section */
		968BBB3F18DCE5C300766D59 /* FartlekModel.xcdatamodeld */ = {
			isa = XCVersionGroup;
			children = (
				968BBB4018DCE5C300766D59 /* FartlekModel.xcdatamodel */,
			);
			currentVersion = 968BBB4018DCE5C300766D59 /* FartlekModel.xcdatamodel */;
			path = FartlekModel.xcdatamodeld;
			sourceTree = "<group>";
			versionGroupType = wrapper.xcdatamodel;
		};
/* End XCVersionGroup section */
	};
	rootObject = 96A98E9C18DA079700E55F1D /* Project object */;
}
