<?xml version="1.0" encoding="UTF-8"?>
<!DOCTYPE plist PUBLIC "-//Apple//DTD PLIST 1.0//EN" "http://www.apple.com/DTDs/PropertyList-1.0.dtd">
<plist version="1.0">
<dict>
	<key>archiveVersion</key>
	<string>1</string>
	<key>classes</key>
	<dict/>
	<key>objectVersion</key>
	<string>46</string>
	<key>objects</key>
	<dict>
		<key>12542F4918664AC5B3573EB0</key>
		<dict>
			<key>includeInIndex</key>
			<string>1</string>
			<key>isa</key>
			<string>PBXFileReference</string>
			<key>lastKnownFileType</key>
			<string>text.xcconfig</string>
			<key>name</key>
			<string>Pods.xcconfig</string>
			<key>path</key>
			<string>Pods/Pods.xcconfig</string>
			<key>sourceTree</key>
			<string>&lt;group&gt;</string>
		</dict>
		<key>27B0F5FC528C449B8826586F</key>
		<dict>
			<key>explicitFileType</key>
			<string>archive.ar</string>
			<key>includeInIndex</key>
			<string>0</string>
			<key>isa</key>
			<string>PBXFileReference</string>
			<key>path</key>
			<string>libPods.a</string>
			<key>sourceTree</key>
			<string>BUILT_PRODUCTS_DIR</string>
		</dict>
		<key>63FAD522EAA24E51BE5E6A3A</key>
		<dict>
			<key>buildActionMask</key>
			<string>2147483647</string>
			<key>files</key>
			<array/>
			<key>inputPaths</key>
			<array/>
			<key>isa</key>
			<string>PBXShellScriptBuildPhase</string>
			<key>name</key>
			<string>Copy Pods Resources</string>
			<key>outputPaths</key>
			<array/>
			<key>runOnlyForDeploymentPostprocessing</key>
			<string>0</string>
			<key>shellPath</key>
			<string>/bin/sh</string>
			<key>shellScript</key>
			<string>"${SRCROOT}/Pods/Pods-resources.sh"
</string>
			<key>showEnvVarsInLog</key>
			<string>0</string>
		</dict>
		<key>8810719FC6CC4ADB9C607D95</key>
		<dict>
			<key>fileRef</key>
			<string>27B0F5FC528C449B8826586F</string>
			<key>isa</key>
			<string>PBXBuildFile</string>
		</dict>
		<key>968BBB3018DBE01700766D59</key>
		<dict>
			<key>fileEncoding</key>
			<string>4</string>
			<key>isa</key>
			<string>PBXFileReference</string>
			<key>lastKnownFileType</key>
			<string>sourcecode.c.h</string>
			<key>path</key>
			<string>CurrentRunCell.h</string>
			<key>sourceTree</key>
			<string>&lt;group&gt;</string>
		</dict>
		<key>968BBB3118DBE01700766D59</key>
		<dict>
			<key>fileEncoding</key>
			<string>4</string>
			<key>isa</key>
			<string>PBXFileReference</string>
			<key>lastKnownFileType</key>
			<string>sourcecode.c.objc</string>
			<key>path</key>
			<string>CurrentRunCell.m</string>
			<key>sourceTree</key>
			<string>&lt;group&gt;</string>
		</dict>
		<key>968BBB3218DBE01700766D59</key>
		<dict>
			<key>fileRef</key>
			<string>968BBB3118DBE01700766D59</string>
			<key>isa</key>
			<string>PBXBuildFile</string>
		</dict>
		<key>96A98E9B18DA079700E55F1D</key>
		<dict>
			<key>children</key>
			<array>
				<string>96A98EAD18DA079700E55F1D</string>
				<string>96A98ECC18DA079700E55F1D</string>
				<string>96A98EA618DA079700E55F1D</string>
				<string>96A98EA518DA079700E55F1D</string>
				<string>12542F4918664AC5B3573EB0</string>
			</array>
			<key>isa</key>
			<string>PBXGroup</string>
			<key>sourceTree</key>
			<string>&lt;group&gt;</string>
		</dict>
		<key>96A98E9C18DA079700E55F1D</key>
		<dict>
			<key>attributes</key>
			<dict>
				<key>LastUpgradeCheck</key>
				<string>0510</string>
				<key>ORGANIZATIONNAME</key>
				<string>PopUp Inc.</string>
				<key>TargetAttributes</key>
				<dict>
					<key>96A98EA318DA079700E55F1D</key>
					<dict>
						<key>DevelopmentTeam</key>
						<string>V6XSFQJX4G</string>
					</dict>
					<key>96A98EC418DA079700E55F1D</key>
					<dict>
						<key>TestTargetID</key>
						<string>96A98EA318DA079700E55F1D</string>
					</dict>
				</dict>
			</dict>
			<key>buildConfigurationList</key>
			<string>96A98E9F18DA079700E55F1D</string>
			<key>compatibilityVersion</key>
			<string>Xcode 3.2</string>
			<key>developmentRegion</key>
			<string>English</string>
			<key>hasScannedForEncodings</key>
			<string>0</string>
			<key>isa</key>
			<string>PBXProject</string>
			<key>knownRegions</key>
			<array>
				<string>en</string>
				<string>Base</string>
			</array>
			<key>mainGroup</key>
			<string>96A98E9B18DA079700E55F1D</string>
			<key>productRefGroup</key>
			<string>96A98EA518DA079700E55F1D</string>
			<key>projectDirPath</key>
			<string></string>
			<key>projectReferences</key>
			<array/>
			<key>projectRoot</key>
			<string></string>
			<key>targets</key>
			<array>
				<string>96A98EA318DA079700E55F1D</string>
				<string>96A98EC418DA079700E55F1D</string>
			</array>
		</dict>
		<key>96A98E9F18DA079700E55F1D</key>
		<dict>
			<key>buildConfigurations</key>
			<array>
				<string>96A98ED418DA079700E55F1D</string>
				<string>96A98ED518DA079700E55F1D</string>
			</array>
			<key>defaultConfigurationIsVisible</key>
			<string>0</string>
			<key>defaultConfigurationName</key>
			<string>Release</string>
			<key>isa</key>
			<string>XCConfigurationList</string>
		</dict>
		<key>96A98EA018DA079700E55F1D</key>
		<dict>
			<key>buildActionMask</key>
			<string>2147483647</string>
			<key>files</key>
			<array>
				<string>96A98EEF18DA17FF00E55F1D</string>
				<string>96A98EF218DA1B5200E55F1D</string>
				<string>96A98EBE18DA079700E55F1D</string>
				<string>96A98EB818DA079700E55F1D</string>
				<string>968BBB3218DBE01700766D59</string>
				<string>96A98EB418DA079700E55F1D</string>
				<string>96A98EF518DA219100E55F1D</string>
			</array>
			<key>isa</key>
			<string>PBXSourcesBuildPhase</string>
			<key>runOnlyForDeploymentPostprocessing</key>
			<string>0</string>
		</dict>
		<key>96A98EA118DA079700E55F1D</key>
		<dict>
			<key>buildActionMask</key>
			<string>2147483647</string>
			<key>files</key>
			<array>
				<string>96A98EDF18DA07BB00E55F1D</string>
				<string>96A98EDD18DA07B500E55F1D</string>
				<string>96A98EAA18DA079700E55F1D</string>
				<string>96A98EAC18DA079700E55F1D</string>
				<string>96A98EA818DA079700E55F1D</string>
				<string>8810719FC6CC4ADB9C607D95</string>
			</array>
			<key>isa</key>
			<string>PBXFrameworksBuildPhase</string>
			<key>runOnlyForDeploymentPostprocessing</key>
			<string>0</string>
		</dict>
		<key>96A98EA218DA079700E55F1D</key>
		<dict>
			<key>buildActionMask</key>
			<string>2147483647</string>
			<key>files</key>
			<array>
				<string>96A98EC018DA079700E55F1D</string>
				<string>96A98EB218DA079700E55F1D</string>
				<string>96A98EBB18DA079700E55F1D</string>
			</array>
			<key>isa</key>
			<string>PBXResourcesBuildPhase</string>
			<key>runOnlyForDeploymentPostprocessing</key>
			<string>0</string>
		</dict>
		<key>96A98EA318DA079700E55F1D</key>
		<dict>
			<key>buildConfigurationList</key>
			<string>96A98ED618DA079700E55F1D</string>
			<key>buildPhases</key>
			<array>
				<string>DD8BBEF347BE43259888C7C8</string>
				<string>96A98EA018DA079700E55F1D</string>
				<string>96A98EA118DA079700E55F1D</string>
				<string>96A98EA218DA079700E55F1D</string>
				<string>63FAD522EAA24E51BE5E6A3A</string>
			</array>
			<key>buildRules</key>
			<array/>
			<key>dependencies</key>
			<array/>
			<key>isa</key>
			<string>PBXNativeTarget</string>
			<key>name</key>
			<string>Fartlek</string>
			<key>productName</key>
			<string>Fartlek</string>
			<key>productReference</key>
			<string>96A98EA418DA079700E55F1D</string>
			<key>productType</key>
			<string>com.apple.product-type.application</string>
		</dict>
		<key>96A98EA418DA079700E55F1D</key>
		<dict>
			<key>explicitFileType</key>
			<string>wrapper.application</string>
			<key>includeInIndex</key>
			<string>0</string>
			<key>isa</key>
			<string>PBXFileReference</string>
			<key>path</key>
			<string>Fartlek.app</string>
			<key>sourceTree</key>
			<string>BUILT_PRODUCTS_DIR</string>
		</dict>
		<key>96A98EA518DA079700E55F1D</key>
		<dict>
			<key>children</key>
			<array>
				<string>96A98EA418DA079700E55F1D</string>
				<string>96A98EC518DA079700E55F1D</string>
			</array>
			<key>isa</key>
			<string>PBXGroup</string>
			<key>name</key>
			<string>Products</string>
			<key>sourceTree</key>
			<string>&lt;group&gt;</string>
		</dict>
		<key>96A98EA618DA079700E55F1D</key>
		<dict>
			<key>children</key>
			<array>
				<string>96A98EDE18DA07BB00E55F1D</string>
				<string>96A98EDC18DA07B500E55F1D</string>
				<string>96A98EA718DA079700E55F1D</string>
				<string>96A98EA918DA079700E55F1D</string>
				<string>96A98EAB18DA079700E55F1D</string>
				<string>96A98EC618DA079700E55F1D</string>
				<string>27B0F5FC528C449B8826586F</string>
			</array>
			<key>isa</key>
			<string>PBXGroup</string>
			<key>name</key>
			<string>Frameworks</string>
			<key>sourceTree</key>
			<string>&lt;group&gt;</string>
		</dict>
		<key>96A98EA718DA079700E55F1D</key>
		<dict>
			<key>isa</key>
			<string>PBXFileReference</string>
			<key>lastKnownFileType</key>
			<string>wrapper.framework</string>
			<key>name</key>
			<string>Foundation.framework</string>
			<key>path</key>
			<string>System/Library/Frameworks/Foundation.framework</string>
			<key>sourceTree</key>
			<string>SDKROOT</string>
		</dict>
		<key>96A98EA818DA079700E55F1D</key>
		<dict>
			<key>fileRef</key>
			<string>96A98EA718DA079700E55F1D</string>
			<key>isa</key>
			<string>PBXBuildFile</string>
		</dict>
		<key>96A98EA918DA079700E55F1D</key>
		<dict>
			<key>isa</key>
			<string>PBXFileReference</string>
			<key>lastKnownFileType</key>
			<string>wrapper.framework</string>
			<key>name</key>
			<string>CoreGraphics.framework</string>
			<key>path</key>
			<string>System/Library/Frameworks/CoreGraphics.framework</string>
			<key>sourceTree</key>
			<string>SDKROOT</string>
		</dict>
		<key>96A98EAA18DA079700E55F1D</key>
		<dict>
			<key>fileRef</key>
			<string>96A98EA918DA079700E55F1D</string>
			<key>isa</key>
			<string>PBXBuildFile</string>
		</dict>
		<key>96A98EAB18DA079700E55F1D</key>
		<dict>
			<key>isa</key>
			<string>PBXFileReference</string>
			<key>lastKnownFileType</key>
			<string>wrapper.framework</string>
			<key>name</key>
			<string>UIKit.framework</string>
			<key>path</key>
			<string>System/Library/Frameworks/UIKit.framework</string>
			<key>sourceTree</key>
			<string>SDKROOT</string>
		</dict>
		<key>96A98EAC18DA079700E55F1D</key>
		<dict>
			<key>fileRef</key>
			<string>96A98EAB18DA079700E55F1D</string>
			<key>isa</key>
			<string>PBXBuildFile</string>
		</dict>
		<key>96A98EAD18DA079700E55F1D</key>
		<dict>
			<key>children</key>
			<array>
				<string>96A98EE418DA08A600E55F1D</string>
				<string>96A98EE218DA080200E55F1D</string>
				<string>96A98EE118DA07C800E55F1D</string>
				<string>96A98EE018DA07C300E55F1D</string>
				<string>96A98EAE18DA079700E55F1D</string>
			</array>
			<key>isa</key>
			<string>PBXGroup</string>
			<key>path</key>
			<string>Fartlek</string>
			<key>sourceTree</key>
			<string>&lt;group&gt;</string>
		</dict>
		<key>96A98EAE18DA079700E55F1D</key>
		<dict>
			<key>children</key>
			<array>
				<string>96A98EBF18DA079700E55F1D</string>
				<string>96A98EAF18DA079700E55F1D</string>
				<string>96A98EB018DA079700E55F1D</string>
				<string>96A98EB318DA079700E55F1D</string>
				<string>96A98EB518DA079700E55F1D</string>
			</array>
			<key>isa</key>
			<string>PBXGroup</string>
			<key>name</key>
			<string>Supporting Files</string>
			<key>sourceTree</key>
			<string>&lt;group&gt;</string>
		</dict>
		<key>96A98EAF18DA079700E55F1D</key>
		<dict>
			<key>isa</key>
			<string>PBXFileReference</string>
			<key>lastKnownFileType</key>
			<string>text.plist.xml</string>
			<key>path</key>
			<string>Fartlek-Info.plist</string>
			<key>sourceTree</key>
			<string>&lt;group&gt;</string>
		</dict>
		<key>96A98EB018DA079700E55F1D</key>
		<dict>
			<key>children</key>
			<array>
				<string>96A98EB118DA079700E55F1D</string>
			</array>
			<key>isa</key>
			<string>PBXVariantGroup</string>
			<key>name</key>
			<string>InfoPlist.strings</string>
			<key>sourceTree</key>
			<string>&lt;group&gt;</string>
		</dict>
		<key>96A98EB118DA079700E55F1D</key>
		<dict>
			<key>isa</key>
			<string>PBXFileReference</string>
			<key>lastKnownFileType</key>
			<string>text.plist.strings</string>
			<key>name</key>
			<string>en</string>
			<key>path</key>
			<string>en.lproj/InfoPlist.strings</string>
			<key>sourceTree</key>
			<string>&lt;group&gt;</string>
		</dict>
		<key>96A98EB218DA079700E55F1D</key>
		<dict>
			<key>fileRef</key>
			<string>96A98EB018DA079700E55F1D</string>
			<key>isa</key>
			<string>PBXBuildFile</string>
		</dict>
		<key>96A98EB318DA079700E55F1D</key>
		<dict>
			<key>isa</key>
			<string>PBXFileReference</string>
			<key>lastKnownFileType</key>
			<string>sourcecode.c.objc</string>
			<key>path</key>
			<string>main.m</string>
			<key>sourceTree</key>
			<string>&lt;group&gt;</string>
		</dict>
		<key>96A98EB418DA079700E55F1D</key>
		<dict>
			<key>fileRef</key>
			<string>96A98EB318DA079700E55F1D</string>
			<key>isa</key>
			<string>PBXBuildFile</string>
		</dict>
		<key>96A98EB518DA079700E55F1D</key>
		<dict>
			<key>isa</key>
			<string>PBXFileReference</string>
			<key>lastKnownFileType</key>
			<string>sourcecode.c.h</string>
			<key>path</key>
			<string>Fartlek-Prefix.pch</string>
			<key>sourceTree</key>
			<string>&lt;group&gt;</string>
		</dict>
		<key>96A98EB618DA079700E55F1D</key>
		<dict>
			<key>isa</key>
			<string>PBXFileReference</string>
			<key>lastKnownFileType</key>
			<string>sourcecode.c.h</string>
			<key>path</key>
			<string>AppDelegate.h</string>
			<key>sourceTree</key>
			<string>&lt;group&gt;</string>
		</dict>
		<key>96A98EB718DA079700E55F1D</key>
		<dict>
			<key>isa</key>
			<string>PBXFileReference</string>
			<key>lastKnownFileType</key>
			<string>sourcecode.c.objc</string>
			<key>path</key>
			<string>AppDelegate.m</string>
			<key>sourceTree</key>
			<string>&lt;group&gt;</string>
		</dict>
		<key>96A98EB818DA079700E55F1D</key>
		<dict>
			<key>fileRef</key>
			<string>96A98EB718DA079700E55F1D</string>
			<key>isa</key>
			<string>PBXBuildFile</string>
		</dict>
		<key>96A98EB918DA079700E55F1D</key>
		<dict>
			<key>children</key>
			<array>
				<string>96A98EBA18DA079700E55F1D</string>
			</array>
			<key>isa</key>
			<string>PBXVariantGroup</string>
			<key>name</key>
			<string>Main.storyboard</string>
			<key>sourceTree</key>
			<string>&lt;group&gt;</string>
		</dict>
		<key>96A98EBA18DA079700E55F1D</key>
		<dict>
			<key>isa</key>
			<string>PBXFileReference</string>
			<key>lastKnownFileType</key>
			<string>file.storyboard</string>
			<key>name</key>
			<string>Base</string>
			<key>path</key>
			<string>Base.lproj/Main.storyboard</string>
			<key>sourceTree</key>
			<string>&lt;group&gt;</string>
		</dict>
		<key>96A98EBB18DA079700E55F1D</key>
		<dict>
			<key>fileRef</key>
			<string>96A98EB918DA079700E55F1D</string>
			<key>isa</key>
			<string>PBXBuildFile</string>
		</dict>
		<key>96A98EBC18DA079700E55F1D</key>
		<dict>
			<key>isa</key>
			<string>PBXFileReference</string>
			<key>lastKnownFileType</key>
			<string>sourcecode.c.h</string>
			<key>path</key>
			<string>SetupFartlekViewController.h</string>
			<key>sourceTree</key>
			<string>&lt;group&gt;</string>
		</dict>
		<key>96A98EBD18DA079700E55F1D</key>
		<dict>
			<key>isa</key>
			<string>PBXFileReference</string>
			<key>lastKnownFileType</key>
			<string>sourcecode.c.objc</string>
			<key>path</key>
			<string>SetupFartlekViewController.m</string>
			<key>sourceTree</key>
			<string>&lt;group&gt;</string>
		</dict>
		<key>96A98EBE18DA079700E55F1D</key>
		<dict>
			<key>fileRef</key>
			<string>96A98EBD18DA079700E55F1D</string>
			<key>isa</key>
			<string>PBXBuildFile</string>
		</dict>
		<key>96A98EBF18DA079700E55F1D</key>
		<dict>
			<key>isa</key>
			<string>PBXFileReference</string>
			<key>lastKnownFileType</key>
			<string>folder.assetcatalog</string>
			<key>path</key>
			<string>Images.xcassets</string>
			<key>sourceTree</key>
			<string>&lt;group&gt;</string>
		</dict>
		<key>96A98EC018DA079700E55F1D</key>
		<dict>
			<key>fileRef</key>
			<string>96A98EBF18DA079700E55F1D</string>
			<key>isa</key>
			<string>PBXBuildFile</string>
		</dict>
		<key>96A98EC118DA079700E55F1D</key>
		<dict>
			<key>buildActionMask</key>
			<string>2147483647</string>
			<key>files</key>
			<array>
				<string>96A98ED318DA079700E55F1D</string>
			</array>
			<key>isa</key>
			<string>PBXSourcesBuildPhase</string>
			<key>runOnlyForDeploymentPostprocessing</key>
			<string>0</string>
		</dict>
		<key>96A98EC218DA079700E55F1D</key>
		<dict>
			<key>buildActionMask</key>
			<string>2147483647</string>
			<key>files</key>
			<array>
				<string>96A98EC718DA079700E55F1D</string>
				<string>96A98EC918DA079700E55F1D</string>
				<string>96A98EC818DA079700E55F1D</string>
			</array>
			<key>isa</key>
			<string>PBXFrameworksBuildPhase</string>
			<key>runOnlyForDeploymentPostprocessing</key>
			<string>0</string>
		</dict>
		<key>96A98EC318DA079700E55F1D</key>
		<dict>
			<key>buildActionMask</key>
			<string>2147483647</string>
			<key>files</key>
			<array>
				<string>96A98ED118DA079700E55F1D</string>
			</array>
			<key>isa</key>
			<string>PBXResourcesBuildPhase</string>
			<key>runOnlyForDeploymentPostprocessing</key>
			<string>0</string>
		</dict>
		<key>96A98EC418DA079700E55F1D</key>
		<dict>
			<key>buildConfigurationList</key>
			<string>96A98ED918DA079700E55F1D</string>
			<key>buildPhases</key>
			<array>
				<string>96A98EC118DA079700E55F1D</string>
				<string>96A98EC218DA079700E55F1D</string>
				<string>96A98EC318DA079700E55F1D</string>
			</array>
			<key>buildRules</key>
			<array/>
			<key>dependencies</key>
			<array>
				<string>96A98ECB18DA079700E55F1D</string>
			</array>
			<key>isa</key>
			<string>PBXNativeTarget</string>
			<key>name</key>
			<string>FartlekTests</string>
			<key>productName</key>
			<string>FartlekTests</string>
			<key>productReference</key>
			<string>96A98EC518DA079700E55F1D</string>
			<key>productType</key>
			<string>com.apple.product-type.bundle.unit-test</string>
		</dict>
		<key>96A98EC518DA079700E55F1D</key>
		<dict>
			<key>explicitFileType</key>
			<string>wrapper.cfbundle</string>
			<key>includeInIndex</key>
			<string>0</string>
			<key>isa</key>
			<string>PBXFileReference</string>
			<key>path</key>
			<string>FartlekTests.xctest</string>
			<key>sourceTree</key>
			<string>BUILT_PRODUCTS_DIR</string>
		</dict>
		<key>96A98EC618DA079700E55F1D</key>
		<dict>
			<key>isa</key>
			<string>PBXFileReference</string>
			<key>lastKnownFileType</key>
			<string>wrapper.framework</string>
			<key>name</key>
			<string>XCTest.framework</string>
			<key>path</key>
			<string>Library/Frameworks/XCTest.framework</string>
			<key>sourceTree</key>
			<string>DEVELOPER_DIR</string>
		</dict>
		<key>96A98EC718DA079700E55F1D</key>
		<dict>
			<key>fileRef</key>
			<string>96A98EC618DA079700E55F1D</string>
			<key>isa</key>
			<string>PBXBuildFile</string>
		</dict>
		<key>96A98EC818DA079700E55F1D</key>
		<dict>
			<key>fileRef</key>
			<string>96A98EA718DA079700E55F1D</string>
			<key>isa</key>
			<string>PBXBuildFile</string>
		</dict>
		<key>96A98EC918DA079700E55F1D</key>
		<dict>
			<key>fileRef</key>
			<string>96A98EAB18DA079700E55F1D</string>
			<key>isa</key>
			<string>PBXBuildFile</string>
		</dict>
		<key>96A98ECA18DA079700E55F1D</key>
		<dict>
			<key>containerPortal</key>
			<string>96A98E9C18DA079700E55F1D</string>
			<key>isa</key>
			<string>PBXContainerItemProxy</string>
			<key>proxyType</key>
			<string>1</string>
			<key>remoteGlobalIDString</key>
			<string>96A98EA318DA079700E55F1D</string>
			<key>remoteInfo</key>
			<string>Fartlek</string>
		</dict>
		<key>96A98ECB18DA079700E55F1D</key>
		<dict>
			<key>isa</key>
			<string>PBXTargetDependency</string>
			<key>target</key>
			<string>96A98EA318DA079700E55F1D</string>
			<key>targetProxy</key>
			<string>96A98ECA18DA079700E55F1D</string>
		</dict>
		<key>96A98ECC18DA079700E55F1D</key>
		<dict>
			<key>children</key>
			<array>
				<string>96A98ED218DA079700E55F1D</string>
				<string>96A98ECD18DA079700E55F1D</string>
			</array>
			<key>isa</key>
			<string>PBXGroup</string>
			<key>path</key>
			<string>FartlekTests</string>
			<key>sourceTree</key>
			<string>&lt;group&gt;</string>
		</dict>
		<key>96A98ECD18DA079700E55F1D</key>
		<dict>
			<key>children</key>
			<array>
				<string>96A98ECE18DA079700E55F1D</string>
				<string>96A98ECF18DA079700E55F1D</string>
			</array>
			<key>isa</key>
			<string>PBXGroup</string>
			<key>name</key>
			<string>Supporting Files</string>
			<key>sourceTree</key>
			<string>&lt;group&gt;</string>
		</dict>
		<key>96A98ECE18DA079700E55F1D</key>
		<dict>
			<key>isa</key>
			<string>PBXFileReference</string>
			<key>lastKnownFileType</key>
			<string>text.plist.xml</string>
			<key>path</key>
			<string>FartlekTests-Info.plist</string>
			<key>sourceTree</key>
			<string>&lt;group&gt;</string>
		</dict>
		<key>96A98ECF18DA079700E55F1D</key>
		<dict>
			<key>children</key>
			<array>
				<string>96A98ED018DA079700E55F1D</string>
			</array>
			<key>isa</key>
			<string>PBXVariantGroup</string>
			<key>name</key>
			<string>InfoPlist.strings</string>
			<key>sourceTree</key>
			<string>&lt;group&gt;</string>
		</dict>
		<key>96A98ED018DA079700E55F1D</key>
		<dict>
			<key>isa</key>
			<string>PBXFileReference</string>
			<key>lastKnownFileType</key>
			<string>text.plist.strings</string>
			<key>name</key>
			<string>en</string>
			<key>path</key>
			<string>en.lproj/InfoPlist.strings</string>
			<key>sourceTree</key>
			<string>&lt;group&gt;</string>
		</dict>
		<key>96A98ED118DA079700E55F1D</key>
		<dict>
			<key>fileRef</key>
			<string>96A98ECF18DA079700E55F1D</string>
			<key>isa</key>
			<string>PBXBuildFile</string>
		</dict>
		<key>96A98ED218DA079700E55F1D</key>
		<dict>
			<key>isa</key>
			<string>PBXFileReference</string>
			<key>lastKnownFileType</key>
			<string>sourcecode.c.objc</string>
			<key>path</key>
			<string>FartlekTests.m</string>
			<key>sourceTree</key>
			<string>&lt;group&gt;</string>
		</dict>
		<key>96A98ED318DA079700E55F1D</key>
		<dict>
			<key>fileRef</key>
			<string>96A98ED218DA079700E55F1D</string>
			<key>isa</key>
			<string>PBXBuildFile</string>
		</dict>
		<key>96A98ED418DA079700E55F1D</key>
		<dict>
			<key>buildSettings</key>
			<dict>
				<key>ALWAYS_SEARCH_USER_PATHS</key>
				<string>NO</string>
				<key>CLANG_CXX_LANGUAGE_STANDARD</key>
				<string>gnu++0x</string>
				<key>CLANG_CXX_LIBRARY</key>
				<string>libc++</string>
				<key>CLANG_ENABLE_MODULES</key>
				<string>YES</string>
				<key>CLANG_ENABLE_OBJC_ARC</key>
				<string>YES</string>
				<key>CLANG_WARN_BOOL_CONVERSION</key>
				<string>YES</string>
				<key>CLANG_WARN_CONSTANT_CONVERSION</key>
				<string>YES</string>
				<key>CLANG_WARN_DIRECT_OBJC_ISA_USAGE</key>
				<string>YES_ERROR</string>
				<key>CLANG_WARN_EMPTY_BODY</key>
				<string>YES</string>
				<key>CLANG_WARN_ENUM_CONVERSION</key>
				<string>YES</string>
				<key>CLANG_WARN_INT_CONVERSION</key>
				<string>YES</string>
				<key>CLANG_WARN_OBJC_ROOT_CLASS</key>
				<string>YES_ERROR</string>
				<key>CLANG_WARN__DUPLICATE_METHOD_MATCH</key>
				<string>YES</string>
				<key>CODE_SIGN_IDENTITY[sdk=iphoneos*]</key>
				<string>iPhone Developer</string>
				<key>COPY_PHASE_STRIP</key>
				<string>NO</string>
				<key>GCC_C_LANGUAGE_STANDARD</key>
				<string>gnu99</string>
				<key>GCC_DYNAMIC_NO_PIC</key>
				<string>NO</string>
				<key>GCC_OPTIMIZATION_LEVEL</key>
				<string>0</string>
				<key>GCC_PREPROCESSOR_DEFINITIONS</key>
				<array>
					<string>DEBUG=1</string>
					<string>$(inherited)</string>
				</array>
				<key>GCC_SYMBOLS_PRIVATE_EXTERN</key>
				<string>NO</string>
				<key>GCC_WARN_64_TO_32_BIT_CONVERSION</key>
				<string>YES</string>
				<key>GCC_WARN_ABOUT_RETURN_TYPE</key>
				<string>YES_ERROR</string>
				<key>GCC_WARN_UNDECLARED_SELECTOR</key>
				<string>YES</string>
				<key>GCC_WARN_UNINITIALIZED_AUTOS</key>
				<string>YES_AGGRESSIVE</string>
				<key>GCC_WARN_UNUSED_FUNCTION</key>
				<string>YES</string>
				<key>GCC_WARN_UNUSED_VARIABLE</key>
				<string>YES</string>
				<key>IPHONEOS_DEPLOYMENT_TARGET</key>
				<string>7.1</string>
				<key>ONLY_ACTIVE_ARCH</key>
				<string>YES</string>
				<key>SDKROOT</key>
				<string>iphoneos</string>
			</dict>
			<key>isa</key>
			<string>XCBuildConfiguration</string>
			<key>name</key>
			<string>Debug</string>
		</dict>
		<key>96A98ED518DA079700E55F1D</key>
		<dict>
			<key>buildSettings</key>
			<dict>
				<key>ALWAYS_SEARCH_USER_PATHS</key>
				<string>NO</string>
				<key>CLANG_CXX_LANGUAGE_STANDARD</key>
				<string>gnu++0x</string>
				<key>CLANG_CXX_LIBRARY</key>
				<string>libc++</string>
				<key>CLANG_ENABLE_MODULES</key>
				<string>YES</string>
				<key>CLANG_ENABLE_OBJC_ARC</key>
				<string>YES</string>
				<key>CLANG_WARN_BOOL_CONVERSION</key>
				<string>YES</string>
				<key>CLANG_WARN_CONSTANT_CONVERSION</key>
				<string>YES</string>
				<key>CLANG_WARN_DIRECT_OBJC_ISA_USAGE</key>
				<string>YES_ERROR</string>
				<key>CLANG_WARN_EMPTY_BODY</key>
				<string>YES</string>
				<key>CLANG_WARN_ENUM_CONVERSION</key>
				<string>YES</string>
				<key>CLANG_WARN_INT_CONVERSION</key>
				<string>YES</string>
				<key>CLANG_WARN_OBJC_ROOT_CLASS</key>
				<string>YES_ERROR</string>
				<key>CLANG_WARN__DUPLICATE_METHOD_MATCH</key>
				<string>YES</string>
				<key>CODE_SIGN_IDENTITY[sdk=iphoneos*]</key>
				<string>iPhone Developer</string>
				<key>COPY_PHASE_STRIP</key>
				<string>YES</string>
				<key>ENABLE_NS_ASSERTIONS</key>
				<string>NO</string>
				<key>GCC_C_LANGUAGE_STANDARD</key>
				<string>gnu99</string>
				<key>GCC_WARN_64_TO_32_BIT_CONVERSION</key>
				<string>YES</string>
				<key>GCC_WARN_ABOUT_RETURN_TYPE</key>
				<string>YES_ERROR</string>
				<key>GCC_WARN_UNDECLARED_SELECTOR</key>
				<string>YES</string>
				<key>GCC_WARN_UNINITIALIZED_AUTOS</key>
				<string>YES_AGGRESSIVE</string>
				<key>GCC_WARN_UNUSED_FUNCTION</key>
				<string>YES</string>
				<key>GCC_WARN_UNUSED_VARIABLE</key>
				<string>YES</string>
				<key>IPHONEOS_DEPLOYMENT_TARGET</key>
				<string>7.1</string>
				<key>SDKROOT</key>
				<string>iphoneos</string>
				<key>VALIDATE_PRODUCT</key>
				<string>YES</string>
			</dict>
			<key>isa</key>
			<string>XCBuildConfiguration</string>
			<key>name</key>
			<string>Release</string>
		</dict>
		<key>96A98ED618DA079700E55F1D</key>
		<dict>
			<key>buildConfigurations</key>
			<array>
				<string>96A98ED718DA079700E55F1D</string>
				<string>96A98ED818DA079700E55F1D</string>
			</array>
			<key>defaultConfigurationIsVisible</key>
			<string>0</string>
			<key>defaultConfigurationName</key>
			<string>Release</string>
			<key>isa</key>
			<string>XCConfigurationList</string>
		</dict>
		<key>96A98ED718DA079700E55F1D</key>
		<dict>
			<key>baseConfigurationReference</key>
			<string>12542F4918664AC5B3573EB0</string>
			<key>buildSettings</key>
			<dict>
				<key>ASSETCATALOG_COMPILER_APPICON_NAME</key>
				<string>AppIcon</string>
				<key>ASSETCATALOG_COMPILER_LAUNCHIMAGE_NAME</key>
				<string>LaunchImage</string>
				<key>CODE_SIGN_IDENTITY</key>
				<string>iPhone Developer</string>
				<key>GCC_PRECOMPILE_PREFIX_HEADER</key>
				<string>YES</string>
				<key>GCC_PREFIX_HEADER</key>
				<string>Fartlek/Fartlek-Prefix.pch</string>
				<key>INFOPLIST_FILE</key>
				<string>Fartlek/Fartlek-Info.plist</string>
				<key>IPHONEOS_DEPLOYMENT_TARGET</key>
				<string>7.0</string>
				<key>LIBRARY_SEARCH_PATHS</key>
				<array>
					<string>$(inherited)</string>
					<string>$(PROJECT_DIR)/Fartlek</string>
				</array>
				<key>PRODUCT_NAME</key>
				<string>$(TARGET_NAME)</string>
				<key>WRAPPER_EXTENSION</key>
				<string>app</string>
			</dict>
			<key>isa</key>
			<string>XCBuildConfiguration</string>
			<key>name</key>
			<string>Debug</string>
		</dict>
		<key>96A98ED818DA079700E55F1D</key>
		<dict>
			<key>baseConfigurationReference</key>
			<string>12542F4918664AC5B3573EB0</string>
			<key>buildSettings</key>
			<dict>
				<key>ASSETCATALOG_COMPILER_APPICON_NAME</key>
				<string>AppIcon</string>
				<key>ASSETCATALOG_COMPILER_LAUNCHIMAGE_NAME</key>
				<string>LaunchImage</string>
				<key>CODE_SIGN_IDENTITY</key>
				<string>iPhone Developer</string>
				<key>GCC_PRECOMPILE_PREFIX_HEADER</key>
				<string>YES</string>
				<key>GCC_PREFIX_HEADER</key>
				<string>Fartlek/Fartlek-Prefix.pch</string>
				<key>INFOPLIST_FILE</key>
				<string>Fartlek/Fartlek-Info.plist</string>
				<key>IPHONEOS_DEPLOYMENT_TARGET</key>
				<string>7.0</string>
				<key>LIBRARY_SEARCH_PATHS</key>
				<array>
					<string>$(inherited)</string>
					<string>$(PROJECT_DIR)/Fartlek</string>
				</array>
				<key>PRODUCT_NAME</key>
				<string>$(TARGET_NAME)</string>
				<key>WRAPPER_EXTENSION</key>
				<string>app</string>
			</dict>
			<key>isa</key>
			<string>XCBuildConfiguration</string>
			<key>name</key>
			<string>Release</string>
		</dict>
		<key>96A98ED918DA079700E55F1D</key>
		<dict>
			<key>buildConfigurations</key>
			<array>
				<string>96A98EDA18DA079700E55F1D</string>
				<string>96A98EDB18DA079700E55F1D</string>
			</array>
			<key>defaultConfigurationIsVisible</key>
			<string>0</string>
			<key>defaultConfigurationName</key>
			<string>Release</string>
			<key>isa</key>
			<string>XCConfigurationList</string>
		</dict>
		<key>96A98EDA18DA079700E55F1D</key>
		<dict>
			<key>buildSettings</key>
			<dict>
				<key>BUNDLE_LOADER</key>
				<string>$(BUILT_PRODUCTS_DIR)/Fartlek.app/Fartlek</string>
				<key>FRAMEWORK_SEARCH_PATHS</key>
				<array>
					<string>$(SDKROOT)/Developer/Library/Frameworks</string>
					<string>$(inherited)</string>
					<string>$(DEVELOPER_FRAMEWORKS_DIR)</string>
				</array>
				<key>GCC_PRECOMPILE_PREFIX_HEADER</key>
				<string>YES</string>
				<key>GCC_PREFIX_HEADER</key>
				<string>Fartlek/Fartlek-Prefix.pch</string>
				<key>GCC_PREPROCESSOR_DEFINITIONS</key>
				<array>
					<string>DEBUG=1</string>
					<string>$(inherited)</string>
				</array>
				<key>INFOPLIST_FILE</key>
				<string>FartlekTests/FartlekTests-Info.plist</string>
				<key>PRODUCT_NAME</key>
				<string>$(TARGET_NAME)</string>
				<key>TEST_HOST</key>
				<string>$(BUNDLE_LOADER)</string>
				<key>WRAPPER_EXTENSION</key>
				<string>xctest</string>
			</dict>
			<key>isa</key>
			<string>XCBuildConfiguration</string>
			<key>name</key>
			<string>Debug</string>
		</dict>
		<key>96A98EDB18DA079700E55F1D</key>
		<dict>
			<key>buildSettings</key>
			<dict>
				<key>BUNDLE_LOADER</key>
				<string>$(BUILT_PRODUCTS_DIR)/Fartlek.app/Fartlek</string>
				<key>FRAMEWORK_SEARCH_PATHS</key>
				<array>
					<string>$(SDKROOT)/Developer/Library/Frameworks</string>
					<string>$(inherited)</string>
					<string>$(DEVELOPER_FRAMEWORKS_DIR)</string>
				</array>
				<key>GCC_PRECOMPILE_PREFIX_HEADER</key>
				<string>YES</string>
				<key>GCC_PREFIX_HEADER</key>
				<string>Fartlek/Fartlek-Prefix.pch</string>
				<key>INFOPLIST_FILE</key>
				<string>FartlekTests/FartlekTests-Info.plist</string>
				<key>PRODUCT_NAME</key>
				<string>$(TARGET_NAME)</string>
				<key>TEST_HOST</key>
				<string>$(BUNDLE_LOADER)</string>
				<key>WRAPPER_EXTENSION</key>
				<string>xctest</string>
			</dict>
			<key>isa</key>
			<string>XCBuildConfiguration</string>
			<key>name</key>
			<string>Release</string>
		</dict>
		<key>96A98EDC18DA07B500E55F1D</key>
		<dict>
			<key>isa</key>
			<string>PBXFileReference</string>
			<key>lastKnownFileType</key>
			<string>wrapper.framework</string>
			<key>name</key>
			<string>CoreLocation.framework</string>
			<key>path</key>
			<string>System/Library/Frameworks/CoreLocation.framework</string>
			<key>sourceTree</key>
			<string>SDKROOT</string>
		</dict>
		<key>96A98EDD18DA07B500E55F1D</key>
		<dict>
			<key>fileRef</key>
			<string>96A98EDC18DA07B500E55F1D</string>
			<key>isa</key>
			<string>PBXBuildFile</string>
		</dict>
		<key>96A98EDE18DA07BB00E55F1D</key>
		<dict>
			<key>isa</key>
			<string>PBXFileReference</string>
			<key>lastKnownFileType</key>
			<string>wrapper.framework</string>
			<key>name</key>
			<string>AVFoundation.framework</string>
			<key>path</key>
			<string>System/Library/Frameworks/AVFoundation.framework</string>
			<key>sourceTree</key>
			<string>SDKROOT</string>
		</dict>
		<key>96A98EDF18DA07BB00E55F1D</key>
		<dict>
			<key>fileRef</key>
			<string>96A98EDE18DA07BB00E55F1D</string>
			<key>isa</key>
			<string>PBXBuildFile</string>
		</dict>
		<key>96A98EE018DA07C300E55F1D</key>
		<dict>
			<key>children</key>
			<array>
				<string>968BBB3018DBE01700766D59</string>
				<string>968BBB3118DBE01700766D59</string>
				<string>96A98EB918DA079700E55F1D</string>
			</array>
			<key>isa</key>
			<string>PBXGroup</string>
			<key>name</key>
			<string>views</string>
			<key>sourceTree</key>
			<string>&lt;group&gt;</string>
		</dict>
		<key>96A98EE118DA07C800E55F1D</key>
		<dict>
			<key>children</key>
			<array/>
			<key>isa</key>
			<string>PBXGroup</string>
			<key>name</key>
			<string>models</string>
			<key>sourceTree</key>
			<string>&lt;group&gt;</string>
		</dict>
		<key>96A98EE218DA080200E55F1D</key>
		<dict>
			<key>children</key>
			<array>
				<string>96A98EBC18DA079700E55F1D</string>
				<string>96A98EBD18DA079700E55F1D</string>
				<string>96A98EED18DA17FF00E55F1D</string>
				<string>96A98EEE18DA17FF00E55F1D</string>
				<string>96A98EF018DA1B5200E55F1D</string>
				<string>96A98EF118DA1B5200E55F1D</string>
				<string>96A98EF318DA219100E55F1D</string>
				<string>96A98EF418DA219100E55F1D</string>
			</array>
			<key>isa</key>
			<string>PBXGroup</string>
			<key>name</key>
			<string>controllers</string>
			<key>sourceTree</key>
			<string>&lt;group&gt;</string>
		</dict>
		<key>96A98EE418DA08A600E55F1D</key>
		<dict>
			<key>children</key>
			<array>
				<string>96A98EB618DA079700E55F1D</string>
				<string>96A98EB718DA079700E55F1D</string>
			</array>
			<key>isa</key>
			<string>PBXGroup</string>
			<key>name</key>
			<string>helpers</string>
			<key>sourceTree</key>
			<string>&lt;group&gt;</string>
		</dict>
		<key>96A98EED18DA17FF00E55F1D</key>
		<dict>
			<key>fileEncoding</key>
			<string>4</string>
			<key>isa</key>
			<string>PBXFileReference</string>
			<key>lastKnownFileType</key>
			<string>sourcecode.c.h</string>
			<key>path</key>
			<string>WorkoutViewController.h</string>
			<key>sourceTree</key>
			<string>&lt;group&gt;</string>
		</dict>
		<key>96A98EEE18DA17FF00E55F1D</key>
		<dict>
			<key>fileEncoding</key>
			<string>4</string>
			<key>isa</key>
			<string>PBXFileReference</string>
			<key>lastKnownFileType</key>
			<string>sourcecode.c.objc</string>
			<key>path</key>
			<string>WorkoutViewController.m</string>
			<key>sourceTree</key>
			<string>&lt;group&gt;</string>
		</dict>
		<key>96A98EEF18DA17FF00E55F1D</key>
		<dict>
			<key>fileRef</key>
			<string>96A98EEE18DA17FF00E55F1D</string>
			<key>isa</key>
			<string>PBXBuildFile</string>
		</dict>
		<key>96A98EF018DA1B5200E55F1D</key>
		<dict>
			<key>fileEncoding</key>
			<string>4</string>
			<key>isa</key>
			<string>PBXFileReference</string>
			<key>lastKnownFileType</key>
			<string>sourcecode.c.h</string>
			<key>path</key>
			<string>WorkoutSummaryViewController.h</string>
			<key>sourceTree</key>
			<string>&lt;group&gt;</string>
		</dict>
		<key>96A98EF118DA1B5200E55F1D</key>
		<dict>
			<key>fileEncoding</key>
			<string>4</string>
			<key>isa</key>
			<string>PBXFileReference</string>
			<key>lastKnownFileType</key>
			<string>sourcecode.c.objc</string>
			<key>path</key>
			<string>WorkoutSummaryViewController.m</string>
			<key>sourceTree</key>
			<string>&lt;group&gt;</string>
		</dict>
		<key>96A98EF218DA1B5200E55F1D</key>
		<dict>
			<key>fileRef</key>
			<string>96A98EF118DA1B5200E55F1D</string>
			<key>isa</key>
			<string>PBXBuildFile</string>
		</dict>
		<key>96A98EF318DA219100E55F1D</key>
		<dict>
			<key>fileEncoding</key>
			<string>4</string>
			<key>isa</key>
			<string>PBXFileReference</string>
			<key>lastKnownFileType</key>
			<string>sourcecode.c.h</string>
			<key>path</key>
			<string>HistoryViewController.h</string>
			<key>sourceTree</key>
			<string>&lt;group&gt;</string>
		</dict>
		<key>96A98EF418DA219100E55F1D</key>
		<dict>
			<key>fileEncoding</key>
			<string>4</string>
			<key>isa</key>
			<string>PBXFileReference</string>
			<key>lastKnownFileType</key>
			<string>sourcecode.c.objc</string>
			<key>path</key>
			<string>HistoryViewController.m</string>
			<key>sourceTree</key>
			<string>&lt;group&gt;</string>
		</dict>
		<key>96A98EF518DA219100E55F1D</key>
		<dict>
			<key>fileRef</key>
			<string>96A98EF418DA219100E55F1D</string>
			<key>isa</key>
			<string>PBXBuildFile</string>
		</dict>
		<key>DD8BBEF347BE43259888C7C8</key>
		<dict>
			<key>buildActionMask</key>
			<string>2147483647</string>
			<key>files</key>
			<array/>
			<key>inputPaths</key>
			<array/>
			<key>isa</key>
			<string>PBXShellScriptBuildPhase</string>
			<key>name</key>
			<string>Check Pods Manifest.lock</string>
			<key>outputPaths</key>
			<array/>
			<key>runOnlyForDeploymentPostprocessing</key>
			<string>0</string>
			<key>shellPath</key>
			<string>/bin/sh</string>
			<key>shellScript</key>
			<string>diff "${PODS_ROOT}/../Podfile.lock" "${PODS_ROOT}/Manifest.lock" &gt; /dev/null
if [[ $? != 0 ]] ; then
    cat &lt;&lt; EOM
error: The sandbox is not in sync with the Podfile.lock. Run 'pod install' or update your CocoaPods installation.
EOM
    exit 1
fi
</string>
			<key>showEnvVarsInLog</key>
			<string>0</string>
		</dict>
	</dict>
	<key>rootObject</key>
	<string>96A98E9C18DA079700E55F1D</string>
</dict>
</plist>
